
Microsoft Visual Studio Solution File, Format Version 11.00
# Visual Studio 2010
Project("{FAE04EC0-301F-11D3-BF4B-00C04F79EFBC}") = "Unicoen.Apps.MseConverter", "MseConverter\Unicoen.Apps.MseConverter.csproj", "{78C715F5-572A-4AC2-9F44-025D490CD636}"
EndProject
Project("{FAE04EC0-301F-11D3-BF4B-00C04F79EFBC}") = "Unicoen.Apps.MseConverter.Tests", "MseConverter.Tests\Unicoen.Apps.MseConverter.Tests.csproj", "{78ED0918-866A-45BB-A260-ED8ACDDD712E}"
EndProject
Global
	GlobalSection(SolutionConfigurationPlatforms) = preSolution
		Debug|Any CPU = Debug|Any CPU
		Release|Any CPU = Release|Any CPU
	EndGlobalSection
	GlobalSection(ProjectConfigurationPlatforms) = postSolution
		{78C715F5-572A-4AC2-9F44-025D490CD636}.Debug|Any CPU.ActiveCfg = Debug|Any CPU
		{78C715F5-572A-4AC2-9F44-025D490CD636}.Debug|Any CPU.Build.0 = Debug|Any CPU
		{78C715F5-572A-4AC2-9F44-025D490CD636}.Release|Any CPU.ActiveCfg = Release|Any CPU
		{78C715F5-572A-4AC2-9F44-025D490CD636}.Release|Any CPU.Build.0 = Release|Any CPU
		{78ED0918-866A-45BB-A260-ED8ACDDD712E}.Debug|Any CPU.ActiveCfg = Debug|Any CPU
		{78ED0918-866A-45BB-A260-ED8ACDDD712E}.Debug|Any CPU.Build.0 = Debug|Any CPU
		{78ED0918-866A-45BB-A260-ED8ACDDD712E}.Release|Any CPU.ActiveCfg = Release|Any CPU
		{78ED0918-866A-45BB-A260-ED8ACDDD712E}.Release|Any CPU.Build.0 = Release|Any CPU
	EndGlobalSection
	GlobalSection(SolutionProperties) = preSolution
		HideSolutionNode = FALSE
	EndGlobalSection
EndGlobal
